
Microsoft Visual Studio Solution File, Format Version 12.00
# Visual Studio Version 17
VisualStudioVersion = 17.3.32811.315
MinimumVisualStudioVersion = 10.0.40219.1
Project("{FAE04EC0-301F-11D3-BF4B-00C04F79EFBC}") = "Lotto", "樂透\Lotto.csproj", "{EF2A9A97-3C3E-477C-A6B1-38A4A7B8E078}"
EndProject
Global
	GlobalSection(SolutionConfigurationPlatforms) = preSolution
		Debug|Any CPU = Debug|Any CPU
		Release|Any CPU = Release|Any CPU
	EndGlobalSection
	GlobalSection(ProjectConfigurationPlatforms) = postSolution
		{EF2A9A97-3C3E-477C-A6B1-38A4A7B8E078}.Debug|Any CPU.ActiveCfg = Debug|Any CPU
		{EF2A9A97-3C3E-477C-A6B1-38A4A7B8E078}.Debug|Any CPU.Build.0 = Debug|Any CPU
		{EF2A9A97-3C3E-477C-A6B1-38A4A7B8E078}.Release|Any CPU.ActiveCfg = Release|Any CPU
		{EF2A9A97-3C3E-477C-A6B1-38A4A7B8E078}.Release|Any CPU.Build.0 = Release|Any CPU
	EndGlobalSection
	GlobalSection(SolutionProperties) = preSolution
		HideSolutionNode = FALSE
	EndGlobalSection
	GlobalSection(ExtensibilityGlobals) = postSolution
		SolutionGuid = {DCB846C4-4DFC-44DF-9D92-284CA96F2666}
	EndGlobalSection
EndGlobal
